PODS:
  - Flutter (1.0.0)
  - flutter_mcumgr (0.0.1):
    - Flutter

DEPENDENCIES:
  - Flutter (from `Flutter`)
  - flutter_mcumgr (from `.symlinks/plugins/flutter_mcumgr/ios`)

EXTERNAL SOURCES:
  Flutter:
    :path: Flutter
  flutter_mcumgr:
    :path: ".symlinks/plugins/flutter_mcumgr/ios"

SPEC CHECKSUMS:
  Flutter: 0e3d915762c693b495b44d77113d4970485de6ec
  flutter_mcumgr: d2bb950d9b2cfb825e022811f93c31a4ed15a0c2

PODFILE CHECKSUM: aafe91acc616949ddb318b77800a7f51bffa2a4c

COCOAPODS: 1.9.3
